// !$*UTF8*$!
{
	archiveVersion = 1;
	classes = {
	};
	objectVersion = 50;
	objects = {

/* Begin PBXBuildFile section */
		1A6455F72140EE9D00F11BDE /* main.cpp in Sources */ = {isa = PBXBuildFile; fileRef = 1A6455F62140EE9D00F11BDE /* main.cpp */; };
		1AB4C9162144F5F8006EC4E8 /* reverse_string.cpp in Sources */ = {isa = PBXBuildFile; fileRef = 1AB4C9152144F5F8006EC4E8 /* reverse_string.cpp */; };
		1AB4C9232144F675006EC4E8 /* prime_number.cpp in Sources */ = {isa = PBXBuildFile; fileRef = 1AB4C9222144F675006EC4E8 /* prime_number.cpp */; };
/* End PBXBuildFile section */

/* Begin PBXCopyFilesBuildPhase section */
		1A6455F12140EE9D00F11BDE /* CopyFiles */ = {
			isa = PBXCopyFilesBuildPhase;
			buildActionMask = 2147483647;
			dstPath = /usr/share/man/man1/;
			dstSubfolderSpec = 0;
			files = (
			);
			runOnlyForDeploymentPostprocessing = 1;
		};
		1AB4C90C2144F5EE006EC4E8 /* CopyFiles */ = {
			isa = PBXCopyFilesBuildPhase;
			buildActionMask = 2147483647;
			dstPath = /usr/share/man/man1/;
			dstSubfolderSpec = 0;
			files = (
			);
			runOnlyForDeploymentPostprocessing = 1;
		};
		1AB4C9192144F668006EC4E8 /* CopyFiles */ = {
			isa = PBXCopyFilesBuildPhase;
			buildActionMask = 2147483647;
			dstPath = /usr/share/man/man1/;
			dstSubfolderSpec = 0;
			files = (
			);
			runOnlyForDeploymentPostprocessing = 1;
		};
/* End PBXCopyFilesBuildPhase section */

/* Begin PBXFileReference section */
		1A6455F32140EE9D00F11BDE /* home */ = {isa = PBXFileReference; explicitFileType = "compiled.mach-o.executable"; includeInIndex = 0; path = home; sourceTree = BUILT_PRODUCTS_DIR; };
		1A6455F62140EE9D00F11BDE /* main.cpp */ = {isa = PBXFileReference; lastKnownFileType = sourcecode.cpp.cpp; path = main.cpp; sourceTree = "<group>"; };
		1AB4C90E2144F5EE006EC4E8 /* reverse_string */ = {isa = PBXFileReference; explicitFileType = "compiled.mach-o.executable"; includeInIndex = 0; path = reverse_string; sourceTree = BUILT_PRODUCTS_DIR; };
		1AB4C9152144F5F8006EC4E8 /* reverse_string.cpp */ = {isa = PBXFileReference; lastKnownFileType = sourcecode.cpp.cpp; name = reverse_string.cpp; path = /Users/sagarbhowmik/XCode/reverse_string/reverse_string.cpp; sourceTree = "<absolute>"; };
		1AB4C91B2144F668006EC4E8 /* prime */ = {isa = PBXFileReference; explicitFileType = "compiled.mach-o.executable"; includeInIndex = 0; path = prime; sourceTree = BUILT_PRODUCTS_DIR; };
		1AB4C9222144F675006EC4E8 /* prime_number.cpp */ = {isa = PBXFileReference; lastKnownFileType = sourcecode.cpp.cpp; name = prime_number.cpp; path = /Users/sagarbhowmik/XCode/prime/prime_number.cpp; sourceTree = "<absolute>"; };
/* End PBXFileReference section */

/* Begin PBXFrameworksBuildPhase section */
		1A6455F02140EE9D00F11BDE /* Frameworks */ = {
			isa = PBXFrameworksBuildPhase;
			buildActionMask = 2147483647;
			files = (
			);
			runOnlyForDeploymentPostprocessing = 0;
		};
		1AB4C90B2144F5EE006EC4E8 /* Frameworks */ = {
			isa = PBXFrameworksBuildPhase;
			buildActionMask = 2147483647;
			files = (
			);
			runOnlyForDeploymentPostprocessing = 0;
		};
		1AB4C9182144F668006EC4E8 /* Frameworks */ = {
			isa = PBXFrameworksBuildPhase;
			buildActionMask = 2147483647;
			files = (
			);
			runOnlyForDeploymentPostprocessing = 0;
		};
/* End PBXFrameworksBuildPhase section */

/* Begin PBXGroup section */
		1A6455EA2140EE9D00F11BDE = {
			isa = PBXGroup;
			children = (
				1A6455F52140EE9D00F11BDE /* home */,
				1AB4C90F2144F5EE006EC4E8 /* reverse_string */,
				1AB4C91C2144F668006EC4E8 /* prime */,
				1A6455F42140EE9D00F11BDE /* Products */,
			);
			sourceTree = "<group>";
		};
		1A6455F42140EE9D00F11BDE /* Products */ = {
			isa = PBXGroup;
			children = (
				1A6455F32140EE9D00F11BDE /* home */,
				1AB4C90E2144F5EE006EC4E8 /* reverse_string */,
				1AB4C91B2144F668006EC4E8 /* prime */,
			);
			name = Products;
			sourceTree = "<group>";
		};
		1A6455F52140EE9D00F11BDE /* home */ = {
			isa = PBXGroup;
			children = (
				1A6455F62140EE9D00F11BDE /* main.cpp */,
			);
			path = home;
			sourceTree = "<group>";
		};
		1AB4C90F2144F5EE006EC4E8 /* reverse_string */ = {
			isa = PBXGroup;
			children = (
				1AB4C9152144F5F8006EC4E8 /* reverse_string.cpp */,
			);
			path = reverse_string;
			sourceTree = "<group>";
		};
		1AB4C91C2144F668006EC4E8 /* prime */ = {
			isa = PBXGroup;
			children = (
				1AB4C9222144F675006EC4E8 /* prime_number.cpp */,
			);
			path = prime;
			sourceTree = "<group>";
		};
/* End PBXGroup section */

/* Begin PBXNativeTarget section */
		1A6455F22140EE9D00F11BDE /* home */ = {
			isa = PBXNativeTarget;
			buildConfigurationList = 1A6455FA2140EE9D00F11BDE /* Build configuration list for PBXNativeTarget "home" */;
			buildPhases = (
				1A6455EF2140EE9D00F11BDE /* Sources */,
				1A6455F02140EE9D00F11BDE /* Frameworks */,
				1A6455F12140EE9D00F11BDE /* CopyFiles */,
			);
			buildRules = (
			);
			dependencies = (
			);
			name = home;
			productName = home;
			productReference = 1A6455F32140EE9D00F11BDE /* home */;
			productType = "com.apple.product-type.tool";
		};
		1AB4C90D2144F5EE006EC4E8 /* reverse_string */ = {
			isa = PBXNativeTarget;
			buildConfigurationList = 1AB4C9142144F5EE006EC4E8 /* Build configuration list for PBXNativeTarget "reverse_string" */;
			buildPhases = (
				1AB4C90A2144F5EE006EC4E8 /* Sources */,
				1AB4C90B2144F5EE006EC4E8 /* Frameworks */,
				1AB4C90C2144F5EE006EC4E8 /* CopyFiles */,
			);
			buildRules = (
			);
			dependencies = (
			);
			name = reverse_string;
			productName = reverse_string;
			productReference = 1AB4C90E2144F5EE006EC4E8 /* reverse_string */;
			productType = "com.apple.product-type.tool";
		};
		1AB4C91A2144F668006EC4E8 /* prime */ = {
			isa = PBXNativeTarget;
			buildConfigurationList = 1AB4C91F2144F668006EC4E8 /* Build configuration list for PBXNativeTarget "prime" */;
			buildPhases = (
				1AB4C9172144F668006EC4E8 /* Sources */,
				1AB4C9182144F668006EC4E8 /* Frameworks */,
				1AB4C9192144F668006EC4E8 /* CopyFiles */,
			);
			buildRules = (
			);
			dependencies = (
			);
			name = prime;
			productName = prime;
			productReference = 1AB4C91B2144F668006EC4E8 /* prime */;
			productType = "com.apple.product-type.tool";
		};
/* End PBXNativeTarget section */

/* Begin PBXProject section */
		1A6455EB2140EE9D00F11BDE /* Project object */ = {
			isa = PBXProject;
			attributes = {
				LastUpgradeCheck = 0940;
				ORGANIZATIONNAME = "Sagar  Bhowmik";
				TargetAttributes = {
					1A6455F22140EE9D00F11BDE = {
						CreatedOnToolsVersion = 9.4.1;
					};
					1AB4C90D2144F5EE006EC4E8 = {
						CreatedOnToolsVersion = 9.4.1;
					};
					1AB4C91A2144F668006EC4E8 = {
						CreatedOnToolsVersion = 9.4.1;
					};
				};
			};
			buildConfigurationList = 1A6455EE2140EE9D00F11BDE /* Build configuration list for PBXProject "home" */;
			compatibilityVersion = "Xcode 9.3";
			developmentRegion = en;
			hasScannedForEncodings = 0;
			knownRegions = (
				en,
			);
			mainGroup = 1A6455EA2140EE9D00F11BDE;
			productRefGroup = 1A6455F42140EE9D00F11BDE /* Products */;
			projectDirPath = "";
			projectRoot = "";
			targets = (
				1A6455F22140EE9D00F11BDE /* home */,
				1AB4C90D2144F5EE006EC4E8 /* reverse_string */,
				1AB4C91A2144F668006EC4E8 /* prime */,
			);
		};
/* End PBXProject section */

/* Begin PBXSourcesBuildPhase section */
		1A6455EF2140EE9D00F11BDE /* Sources */ = {
			isa = PBXSourcesBuildPhase;
			buildActionMask = 2147483647;
			files = (
				1A6455F72140EE9D00F11BDE /* main.cpp in Sources */,
			);
			runOnlyForDeploymentPostprocessing = 0;
		};
		1AB4C90A2144F5EE006EC4E8 /* Sources */ = {
			isa = PBXSourcesBuildPhase;
			buildActionMask = 2147483647;
			files = (
				1AB4C9162144F5F8006EC4E8 /* reverse_string.cpp in Sources */,
			);
			runOnlyForDeploymentPostprocessing = 0;
		};
		1AB4C9172144F668006EC4E8 /* Sources */ = {
			isa = PBXSourcesBuildPhase;
			buildActionMask = 2147483647;
			files = (
				1AB4C9232144F675006EC4E8 /* prime_number.cpp in Sources */,
			);
			runOnlyForDeploymentPostprocessing = 0;
		};
/* End PBXSourcesBuildPhase section */

/* Begin XCBuildConfiguration section */
		1A6455F82140EE9D00F11BDE /* Debug */ = {
			isa = XCBuildConfiguration;
			buildSettings = {
				ALWAYS_SEARCH_USER_PATHS = NO;
				CLANG_ANALYZER_NONNULL = YES;
				CLANG_ANALYZER_NUMBER_OBJECT_CONVERSION = YES_AGGRESSIVE;
				CLANG_CXX_LANGUAGE_STANDARD = "gnu++14";
				CLANG_CXX_LIBRARY = "libc++";
				CLANG_ENABLE_MODULES = YES;
				CLANG_ENABLE_OBJC_ARC = YES;
				CLANG_ENABLE_OBJC_WEAK = YES;
				CLANG_WARN_BLOCK_CAPTURE_AUTORELEASING = YES;
				CLANG_WARN_BOOL_CONVERSION = YES;
				CLANG_WARN_COMMA = YES;
				CLANG_WARN_CONSTANT_CONVERSION = YES;
				CLANG_WARN_DEPRECATED_OBJC_IMPLEMENTATIONS = YES;
				CLANG_WARN_DIRECT_OBJC_ISA_USAGE = YES_ERROR;
				CLANG_WARN_DOCUMENTATION_COMMENTS = YES;
				CLANG_WARN_EMPTY_BODY = YES;
				CLANG_WARN_ENUM_CONVERSION = YES;
				CLANG_WARN_INFINITE_RECURSION = YES;
				CLANG_WARN_INT_CONVERSION = YES;
				CLANG_WARN_NON_LITERAL_NULL_CONVERSION = YES;
				CLANG_WARN_OBJC_IMPLICIT_RETAIN_SELF = YES;
				CLANG_WARN_OBJC_LITERAL_CONVERSION = YES;
				CLANG_WARN_OBJC_ROOT_CLASS = YES_ERROR;
				CLANG_WARN_RANGE_LOOP_ANALYSIS = YES;
				CLANG_WARN_STRICT_PROTOTYPES = YES;
				CLANG_WARN_SUSPICIOUS_MOVE = YES;
				CLANG_WARN_UNGUARDED_AVAILABILITY = YES_AGGRESSIVE;
				CLANG_WARN_UNREACHABLE_CODE = YES;
				CLANG_WARN__DUPLICATE_METHOD_MATCH = YES;
				CODE_SIGN_IDENTITY = "-";
				COPY_PHASE_STRIP = NO;
				DEBUG_INFORMATION_FORMAT = dwarf;
				ENABLE_STRICT_OBJC_MSGSEND = YES;
				ENABLE_TESTABILITY = YES;
				GCC_C_LANGUAGE_STANDARD = gnu11;
				GCC_DYNAMIC_NO_PIC = NO;
				GCC_NO_COMMON_BLOCKS = YES;
				GCC_OPTIMIZATION_LEVEL = 0;
				GCC_PREPROCESSOR_DEFINITIONS = (
					"DEBUG=1",
					"$(inherited)",
				);
				GCC_WARN_64_TO_32_BIT_CONVERSION = YES;
				GCC_WARN_ABOUT_RETURN_TYPE = YES_ERROR;
				GCC_WARN_UNDECLARED_SELECTOR = YES;
				GCC_WARN_UNINITIALIZED_AUTOS = YES_AGGRESSIVE;
				GCC_WARN_UNUSED_FUNCTION = YES;
				GCC_WARN_UNUSED_VARIABLE = YES;
				MACOSX_DEPLOYMENT_TARGET = 10.13;
				MTL_ENABLE_DEBUG_INFO = YES;
				ONLY_ACTIVE_ARCH = YES;
				SDKROOT = macosx;
			};
			name = Debug;
		};
		1A6455F92140EE9D00F11BDE /* Release */ = {
			isa = XCBuildConfiguration;
			buildSettings = {
				ALWAYS_SEARCH_USER_PATHS = NO;
				CLANG_ANALYZER_NONNULL = YES;
				CLANG_ANALYZER_NUMBER_OBJECT_CONVERSION = YES_AGGRESSIVE;
				CLANG_CXX_LANGUAGE_STANDARD = "gnu++14";
				CLANG_CXX_LIBRARY = "libc++";
				CLANG_ENABLE_MODULES = YES;
				CLANG_ENABLE_OBJC_ARC = YES;
				CLANG_ENABLE_OBJC_WEAK = YES;
				CLANG_WARN_BLOCK_CAPTURE_AUTORELEASING = YES;
				CLANG_WARN_BOOL_CONVERSION = YES;
				CLANG_WARN_COMMA = YES;
				CLANG_WARN_CONSTANT_CONVERSION = YES;
				CLANG_WARN_DEPRECATED_OBJC_IMPLEMENTATIONS = YES;
				CLANG_WARN_DIRECT_OBJC_ISA_USAGE = YES_ERROR;
				CLANG_WARN_DOCUMENTATION_COMMENTS = YES;
				CLANG_WARN_EMPTY_BODY = YES;
				CLANG_WARN_ENUM_CONVERSION = YES;
				CLANG_WARN_INFINITE_RECURSION = YES;
				CLANG_WARN_INT_CONVERSION = YES;
				CLANG_WARN_NON_LITERAL_NULL_CONVERSION = YES;
				CLANG_WARN_OBJC_IMPLICIT_RETAIN_SELF = YES;
				CLANG_WARN_OBJC_LITERAL_CONVERSION = YES;
				CLANG_WARN_OBJC_ROOT_CLASS = YES_ERROR;
				CLANG_WARN_RANGE_LOOP_ANALYSIS = YES;
				CLANG_WARN_STRICT_PROTOTYPES = YES;
				CLANG_WARN_SUSPICIOUS_MOVE = YES;
				CLANG_WARN_UNGUARDED_AVAILABILITY = YES_AGGRESSIVE;
				CLANG_WARN_UNREACHABLE_CODE = YES;
				CLANG_WARN__DUPLICATE_METHOD_MATCH = YES;
				CODE_SIGN_IDENTITY = "-";
				COPY_PHASE_STRIP = NO;
				DEBUG_INFORMATION_FORMAT = "dwarf-with-dsym";
				ENABLE_NS_ASSERTIONS = NO;
				ENABLE_STRICT_OBJC_MSGSEND = YES;
				GCC_C_LANGUAGE_STANDARD = gnu11;
				GCC_NO_COMMON_BLOCKS = YES;
				GCC_WARN_64_TO_32_BIT_CONVERSION = YES;
				GCC_WARN_ABOUT_RETURN_TYPE = YES_ERROR;
				GCC_WARN_UNDECLARED_SELECTOR = YES;
				GCC_WARN_UNINITIALIZED_AUTOS = YES_AGGRESSIVE;
				GCC_WARN_UNUSED_FUNCTION = YES;
				GCC_WARN_UNUSED_VARIABLE = YES;
				MACOSX_DEPLOYMENT_TARGET = 10.13;
				MTL_ENABLE_DEBUG_INFO = NO;
				SDKROOT = macosx;
			};
			name = Release;
		};
		1A6455FB2140EE9D00F11BDE /* Debug */ = {
			isa = XCBuildConfiguration;
			buildSettings = {
				CODE_SIGN_STYLE = Automatic;
				PRODUCT_NAME = "$(TARGET_NAME)";
			};
			name = Debug;
		};
		1A6455FC2140EE9D00F11BDE /* Release */ = {
			isa = XCBuildConfiguration;
			buildSettings = {
				CODE_SIGN_STYLE = Automatic;
				PRODUCT_NAME = "$(TARGET_NAME)";
			};
			name = Release;
		};
		1AB4C9122144F5EE006EC4E8 /* Debug */ = {
			isa = XCBuildConfiguration;
			buildSettings = {
				CODE_SIGN_STYLE = Automatic;
				PRODUCT_NAME = "$(TARGET_NAME)";
			};
			name = Debug;
		};
		1AB4C9132144F5EE006EC4E8 /* Release */ = {
			isa = XCBuildConfiguration;
			buildSettings = {
				CODE_SIGN_STYLE = Automatic;
				PRODUCT_NAME = "$(TARGET_NAME)";
			};
			name = Release;
		};
		1AB4C9202144F668006EC4E8 /* Debug */ = {
			isa = XCBuildConfiguration;
			buildSettings = {
				CODE_SIGN_STYLE = Automatic;
				PRODUCT_NAME = "$(TARGET_NAME)";
			};
			name = Debug;
		};
		1AB4C9212144F668006EC4E8 /* Release */ = {
			isa = XCBuildConfiguration;
			buildSettings = {
				CODE_SIGN_STYLE = Automatic;
				PRODUCT_NAME = "$(TARGET_NAME)";
			};
			name = Release;
		};
/* End XCBuildConfiguration section */

/* Begin XCConfigurationList section */
		1A6455EE2140EE9D00F11BDE /* Build configuration list for PBXProject "home" */ = {
			isa = XCConfigurationList;
			buildConfigurations = (
				1A6455F82140EE9D00F11BDE /* Debug */,
				1A6455F92140EE9D00F11BDE /* Release */,
			);
			defaultConfigurationIsVisible = 0;
			defaultConfigurationName = Release;
		};
		1A6455FA2140EE9D00F11BDE /* Build configuration list for PBXNativeTarget "home" */ = {
			isa = XCConfigurationList;
			buildConfigurations = (
				1A6455FB2140EE9D00F11BDE /* Debug */,
				1A6455FC2140EE9D00F11BDE /* Release */,
			);
			defaultConfigurationIsVisible = 0;
			defaultConfigurationName = Release;
		};
		1AB4C9142144F5EE006EC4E8 /* Build configuration list for PBXNativeTarget "reverse_string" */ = {
			isa = XCConfigurationList;
			buildConfigurations = (
				1AB4C9122144F5EE006EC4E8 /* Debug */,
				1AB4C9132144F5EE006EC4E8 /* Release */,
			);
			defaultConfigurationIsVisible = 0;
			defaultConfigurationName = Release;
		};
		1AB4C91F2144F668006EC4E8 /* Build configuration list for PBXNativeTarget "prime" */ = {
			isa = XCConfigurationList;
			buildConfigurations = (
				1AB4C9202144F668006EC4E8 /* Debug */,
				1AB4C9212144F668006EC4E8 /* Release */,
			);
			defaultConfigurationIsVisible = 0;
			defaultConfigurationName = Release;
		};
/* End XCConfigurationList section */
	};
	rootObject = 1A6455EB2140EE9D00F11BDE /* Project object */;
}
